// !$*UTF8*$!
{
	archiveVersion = 1;
	classes = {
	};
	objectVersion = 50;
	objects = {

/* Begin PBXBuildFile section */
		D5552F8D218E2DB00074D6EF /* AppDelegate.swift in Sources */ = {isa = PBXBuildFile; fileRef = D5552F8C218E2DB00074D6EF /* AppDelegate.swift */; };
		D5552F8F218E2DB00074D6EF /* FirstViewController.swift in Sources */ = {isa = PBXBuildFile; fileRef = D5552F8E218E2DB00074D6EF /* FirstViewController.swift */; };
		D5552F91218E2DB00074D6EF /* SecondViewController.swift in Sources */ = {isa = PBXBuildFile; fileRef = D5552F90218E2DB00074D6EF /* SecondViewController.swift */; };
		D5552F94218E2DB00074D6EF /* Main.storyboard in Resources */ = {isa = PBXBuildFile; fileRef = D5552F92218E2DB00074D6EF /* Main.storyboard */; };
		D5552F96218E2DB10074D6EF /* Assets.xcassets in Resources */ = {isa = PBXBuildFile; fileRef = D5552F95218E2DB10074D6EF /* Assets.xcassets */; };
		D5552F99218E2DB10074D6EF /* LaunchScreen.storyboard in Resources */ = {isa = PBXBuildFile; fileRef = D5552F97218E2DB10074D6EF /* LaunchScreen.storyboard */; };
		D5552FA4218E2DB10074D6EF /* CalWalkTests.swift in Sources */ = {isa = PBXBuildFile; fileRef = D5552FA3218E2DB10074D6EF /* CalWalkTests.swift */; };
		D5552FAF218E2DB10074D6EF /* CalWalkUITests.swift in Sources */ = {isa = PBXBuildFile; fileRef = D5552FAE218E2DB10074D6EF /* CalWalkUITests.swift */; };
/* End PBXBuildFile section */

/* Begin PBXContainerItemProxy section */
		D5552FA0218E2DB10074D6EF /* PBXContainerItemProxy */ = {
			isa = PBXContainerItemProxy;
			containerPortal = D5552F81218E2DB00074D6EF /* Project object */;
			proxyType = 1;
			remoteGlobalIDString = D5552F88218E2DB00074D6EF;
			remoteInfo = CalWalk;
		};
		D5552FAB218E2DB10074D6EF /* PBXContainerItemProxy */ = {
			isa = PBXContainerItemProxy;
			containerPortal = D5552F81218E2DB00074D6EF /* Project object */;
			proxyType = 1;
			remoteGlobalIDString = D5552F88218E2DB00074D6EF;
			remoteInfo = CalWalk;
		};
/* End PBXContainerItemProxy section */

/* Begin PBXFileReference section */
		D5552F89218E2DB00074D6EF /* CalWalk.app */ = {isa = PBXFileReference; explicitFileType = wrapper.application; includeInIndex = 0; path = CalWalk.app; sourceTree = BUILT_PRODUCTS_DIR; };
		D5552F8C218E2DB00074D6EF /* AppDelegate.swift */ = {isa = PBXFileReference; lastKnownFileType = sourcecode.swift; path = AppDelegate.swift; sourceTree = "<group>"; };
		D5552F8E218E2DB00074D6EF /* FirstViewController.swift */ = {isa = PBXFileReference; lastKnownFileType = sourcecode.swift; path = FirstViewController.swift; sourceTree = "<group>"; };
		D5552F90218E2DB00074D6EF /* SecondViewController.swift */ = {isa = PBXFileReference; lastKnownFileType = sourcecode.swift; path = SecondViewController.swift; sourceTree = "<group>"; };
		D5552F93218E2DB00074D6EF /* Base */ = {isa = PBXFileReference; lastKnownFileType = file.storyboard; name = Base; path = Base.lproj/Main.storyboard; sourceTree = "<group>"; };
		D5552F95218E2DB10074D6EF /* Assets.xcassets */ = {isa = PBXFileReference; lastKnownFileType = folder.assetcatalog; path = Assets.xcassets; sourceTree = "<group>"; };
		D5552F98218E2DB10074D6EF /* Base */ = {isa = PBXFileReference; lastKnownFileType = file.storyboard; name = Base; path = Base.lproj/LaunchScreen.storyboard; sourceTree = "<group>"; };
		D5552F9A218E2DB10074D6EF /* Info.plist */ = {isa = PBXFileReference; lastKnownFileType = text.plist.xml; path = Info.plist; sourceTree = "<group>"; };
		D5552F9F218E2DB10074D6EF /* CalWalkTests.xctest */ = {isa = PBXFileReference; explicitFileType = wrapper.cfbundle; includeInIndex = 0; path = CalWalkTests.xctest; sourceTree = BUILT_PRODUCTS_DIR; };
		D5552FA3218E2DB10074D6EF /* CalWalkTests.swift */ = {isa = PBXFileReference; lastKnownFileType = sourcecode.swift; path = CalWalkTests.swift; sourceTree = "<group>"; };
		D5552FA5218E2DB10074D6EF /* Info.plist */ = {isa = PBXFileReference; lastKnownFileType = text.plist.xml; path = Info.plist; sourceTree = "<group>"; };
		D5552FAA218E2DB10074D6EF /* CalWalkUITests.xctest */ = {isa = PBXFileReference; explicitFileType = wrapper.cfbundle; includeInIndex = 0; path = CalWalkUITests.xctest; sourceTree = BUILT_PRODUCTS_DIR; };
		D5552FAE218E2DB10074D6EF /* CalWalkUITests.swift */ = {isa = PBXFileReference; lastKnownFileType = sourcecode.swift; path = CalWalkUITests.swift; sourceTree = "<group>"; };
		D5552FB0218E2DB10074D6EF /* Info.plist */ = {isa = PBXFileReference; lastKnownFileType = text.plist.xml; path = Info.plist; sourceTree = "<group>"; };
/* End PBXFileReference section */

/* Begin PBXFrameworksBuildPhase section */
		D5552F86218E2DB00074D6EF /* Frameworks */ = {
			isa = PBXFrameworksBuildPhase;
			buildActionMask = 2147483647;
			files = (
			);
			runOnlyForDeploymentPostprocessing = 0;
		};
		D5552F9C218E2DB10074D6EF /* Frameworks */ = {
			isa = PBXFrameworksBuildPhase;
			buildActionMask = 2147483647;
			files = (
			);
			runOnlyForDeploymentPostprocessing = 0;
		};
		D5552FA7218E2DB10074D6EF /* Frameworks */ = {
			isa = PBXFrameworksBuildPhase;
			buildActionMask = 2147483647;
			files = (
			);
			runOnlyForDeploymentPostprocessing = 0;
		};
/* End PBXFrameworksBuildPhase section */

/* Begin PBXGroup section */
		D5552F80218E2DB00074D6EF = {
			isa = PBXGroup;
			children = (
				D5552F8B218E2DB00074D6EF /* CalWalk */,
				D5552FA2218E2DB10074D6EF /* CalWalkTests */,
				D5552FAD218E2DB10074D6EF /* CalWalkUITests */,
				D5552F8A218E2DB00074D6EF /* Products */,
			);
			sourceTree = "<group>";
		};
		D5552F8A218E2DB00074D6EF /* Products */ = {
			isa = PBXGroup;
			children = (
				D5552F89218E2DB00074D6EF /* CalWalk.app */,
				D5552F9F218E2DB10074D6EF /* CalWalkTests.xctest */,
				D5552FAA218E2DB10074D6EF /* CalWalkUITests.xctest */,
			);
			name = Products;
			sourceTree = "<group>";
		};
		D5552F8B218E2DB00074D6EF /* CalWalk */ = {
			isa = PBXGroup;
			children = (
				D5552F8C218E2DB00074D6EF /* AppDelegate.swift */,
				D5552F8E218E2DB00074D6EF /* FirstViewController.swift */,
				D5552F90218E2DB00074D6EF /* SecondViewController.swift */,
				D5552F92218E2DB00074D6EF /* Main.storyboard */,
				D5552F95218E2DB10074D6EF /* Assets.xcassets */,
				D5552F97218E2DB10074D6EF /* LaunchScreen.storyboard */,
				D5552F9A218E2DB10074D6EF /* Info.plist */,
			);
			path = CalWalk;
			sourceTree = "<group>";
		};
		D5552FA2218E2DB10074D6EF /* CalWalkTests */ = {
			isa = PBXGroup;
			children = (
				D5552FA3218E2DB10074D6EF /* CalWalkTests.swift */,
				D5552FA5218E2DB10074D6EF /* Info.plist */,
			);
			path = CalWalkTests;
			sourceTree = "<group>";
		};
		D5552FAD218E2DB10074D6EF /* CalWalkUITests */ = {
			isa = PBXGroup;
			children = (
				D5552FAE218E2DB10074D6EF /* CalWalkUITests.swift */,
				D5552FB0218E2DB10074D6EF /* Info.plist */,
			);
			path = CalWalkUITests;
			sourceTree = "<group>";
		};
/* End PBXGroup section */

/* Begin PBXNativeTarget section */
		D5552F88218E2DB00074D6EF /* CalWalk */ = {
			isa = PBXNativeTarget;
			buildConfigurationList = D5552FB3218E2DB10074D6EF /* Build configuration list for PBXNativeTarget "CalWalk" */;
			buildPhases = (
				D5552F85218E2DB00074D6EF /* Sources */,
				D5552F86218E2DB00074D6EF /* Frameworks */,
				D5552F87218E2DB00074D6EF /* Resources */,
			);
			buildRules = (
			);
			dependencies = (
			);
			name = CalWalk;
			productName = CalWalk;
			productReference = D5552F89218E2DB00074D6EF /* CalWalk.app */;
			productType = "com.apple.product-type.application";
		};
		D5552F9E218E2DB10074D6EF /* CalWalkTests */ = {
			isa = PBXNativeTarget;
			buildConfigurationList = D5552FB6218E2DB10074D6EF /* Build configuration list for PBXNativeTarget "CalWalkTests" */;
			buildPhases = (
				D5552F9B218E2DB10074D6EF /* Sources */,
				D5552F9C218E2DB10074D6EF /* Frameworks */,
				D5552F9D218E2DB10074D6EF /* Resources */,
			);
			buildRules = (
			);
			dependencies = (
				D5552FA1218E2DB10074D6EF /* PBXTargetDependency */,
			);
			name = CalWalkTests;
			productName = CalWalkTests;
			productReference = D5552F9F218E2DB10074D6EF /* CalWalkTests.xctest */;
			productType = "com.apple.product-type.bundle.unit-test";
		};
		D5552FA9218E2DB10074D6EF /* CalWalkUITests */ = {
			isa = PBXNativeTarget;
			buildConfigurationList = D5552FB9218E2DB10074D6EF /* Build configuration list for PBXNativeTarget "CalWalkUITests" */;
			buildPhases = (
				D5552FA6218E2DB10074D6EF /* Sources */,
				D5552FA7218E2DB10074D6EF /* Frameworks */,
				D5552FA8218E2DB10074D6EF /* Resources */,
			);
			buildRules = (
			);
			dependencies = (
				D5552FAC218E2DB10074D6EF /* PBXTargetDependency */,
			);
			name = CalWalkUITests;
			productName = CalWalkUITests;
			productReference = D5552FAA218E2DB10074D6EF /* CalWalkUITests.xctest */;
			productType = "com.apple.product-type.bundle.ui-testing";
		};
/* End PBXNativeTarget section */

/* Begin PBXProject section */
		D5552F81218E2DB00074D6EF /* Project object */ = {
			isa = PBXProject;
			attributes = {
				LastSwiftUpdateCheck = 1010;
				LastUpgradeCheck = 1010;
				ORGANIZATIONNAME = KASE;
				TargetAttributes = {
					D5552F88218E2DB00074D6EF = {
						CreatedOnToolsVersion = 10.1;
					};
					D5552F9E218E2DB10074D6EF = {
						CreatedOnToolsVersion = 10.1;
						TestTargetID = D5552F88218E2DB00074D6EF;
					};
					D5552FA9218E2DB10074D6EF = {
						CreatedOnToolsVersion = 10.1;
						TestTargetID = D5552F88218E2DB00074D6EF;
					};
				};
			};
			buildConfigurationList = D5552F84218E2DB00074D6EF /* Build configuration list for PBXProject "CalWalk" */;
			compatibilityVersion = "Xcode 9.3";
			developmentRegion = en;
			hasScannedForEncodings = 0;
			knownRegions = (
				en,
				Base,
			);
			mainGroup = D5552F80218E2DB00074D6EF;
			productRefGroup = D5552F8A218E2DB00074D6EF /* Products */;
			projectDirPath = "";
			projectRoot = "";
			targets = (
				D5552F88218E2DB00074D6EF /* CalWalk */,
				D5552F9E218E2DB10074D6EF /* CalWalkTests */,
				D5552FA9218E2DB10074D6EF /* CalWalkUITests */,
			);
		};
/* End PBXProject section */

/* Begin PBXResourcesBuildPhase section */
		D5552F87218E2DB00074D6EF /* Resources */ = {
			isa = PBXResourcesBuildPhase;
			buildActionMask = 2147483647;
			files = (
				D5552F99218E2DB10074D6EF /* LaunchScreen.storyboard in Resources */,
				D5552F96218E2DB10074D6EF /* Assets.xcassets in Resources */,
				D5552F94218E2DB00074D6EF /* Main.storyboard in Resources */,
			);
			runOnlyForDeploymentPostprocessing = 0;
		};
		D5552F9D218E2DB10074D6EF /* Resources */ = {
			isa = PBXResourcesBuildPhase;
			buildActionMask = 2147483647;
			files = (
			);
			runOnlyForDeploymentPostprocessing = 0;
		};
		D5552FA8218E2DB10074D6EF /* Resources */ = {
			isa = PBXResourcesBuildPhase;
			buildActionMask = 2147483647;
			files = (
			);
			runOnlyForDeploymentPostprocessing = 0;
		};
/* End PBXResourcesBuildPhase section */

/* Begin PBXSourcesBuildPhase section */
		D5552F85218E2DB00074D6EF /* Sources */ = {
			isa = PBXSourcesBuildPhase;
			buildActionMask = 2147483647;
			files = (
				D5552F91218E2DB00074D6EF /* SecondViewController.swift in Sources */,
				D5552F8D218E2DB00074D6EF /* AppDelegate.swift in Sources */,
				D5552F8F218E2DB00074D6EF /* FirstViewController.swift in Sources */,
			);
			runOnlyForDeploymentPostprocessing = 0;
		};
		D5552F9B218E2DB10074D6EF /* Sources */ = {
			isa = PBXSourcesBuildPhase;
			buildActionMask = 2147483647;
			files = (
				D5552FA4218E2DB10074D6EF /* CalWalkTests.swift in Sources */,
			);
			runOnlyForDeploymentPostprocessing = 0;
		};
		D5552FA6218E2DB10074D6EF /* Sources */ = {
			isa = PBXSourcesBuildPhase;
			buildActionMask = 2147483647;
			files = (
				D5552FAF218E2DB10074D6EF /* CalWalkUITests.swift in Sources */,
			);
			runOnlyForDeploymentPostprocessing = 0;
		};
/* End PBXSourcesBuildPhase section */

/* Begin PBXTargetDependency section */
		D5552FA1218E2DB10074D6EF /* PBXTargetDependency */ = {
			isa = PBXTargetDependency;
			target = D5552F88218E2DB00074D6EF /* CalWalk */;
			targetProxy = D5552FA0218E2DB10074D6EF /* PBXContainerItemProxy */;
		};
		D5552FAC218E2DB10074D6EF /* PBXTargetDependency */ = {
			isa = PBXTargetDependency;
			target = D5552F88218E2DB00074D6EF /* CalWalk */;
			targetProxy = D5552FAB218E2DB10074D6EF /* PBXContainerItemProxy */;
		};
/* End PBXTargetDependency section */

/* Begin PBXVariantGroup section */
		D5552F92218E2DB00074D6EF /* Main.storyboard */ = {
			isa = PBXVariantGroup;
			children = (
				D5552F93218E2DB00074D6EF /* Base */,
			);
			name = Main.storyboard;
			sourceTree = "<group>";
		};
		D5552F97218E2DB10074D6EF /* LaunchScreen.storyboard */ = {
			isa = PBXVariantGroup;
			children = (
				D5552F98218E2DB10074D6EF /* Base */,
			);
			name = LaunchScreen.storyboard;
			sourceTree = "<group>";
		};
/* End PBXVariantGroup section */

/* Begin XCBuildConfiguration section */
		D5552FB1218E2DB10074D6EF /* Debug */ = {
			isa = XCBuildConfiguration;
			buildSettings = {
				ALWAYS_SEARCH_USER_PATHS = NO;
				CLANG_ANALYZER_NONNULL = YES;
				CLANG_ANALYZER_NUMBER_OBJECT_CONVERSION = YES_AGGRESSIVE;
				CLANG_CXX_LANGUAGE_STANDARD = "gnu++14";
				CLANG_CXX_LIBRARY = "libc++";
				CLANG_ENABLE_MODULES = YES;
				CLANG_ENABLE_OBJC_ARC = YES;
				CLANG_ENABLE_OBJC_WEAK = YES;
				CLANG_WARN_BLOCK_CAPTURE_AUTORELEASING = YES;
				CLANG_WARN_BOOL_CONVERSION = YES;
				CLANG_WARN_COMMA = YES;
				CLANG_WARN_CONSTANT_CONVERSION = YES;
				CLANG_WARN_DEPRECATED_OBJC_IMPLEMENTATIONS = YES;
				CLANG_WARN_DIRECT_OBJC_ISA_USAGE = YES_ERROR;
				CLANG_WARN_DOCUMENTATION_COMMENTS = YES;
				CLANG_WARN_EMPTY_BODY = YES;
				CLANG_WARN_ENUM_CONVERSION = YES;
				CLANG_WARN_INFINITE_RECURSION = YES;
				CLANG_WARN_INT_CONVERSION = YES;
				CLANG_WARN_NON_LITERAL_NULL_CONVERSION = YES;
				CLANG_WARN_OBJC_IMPLICIT_RETAIN_SELF = YES;
				CLANG_WARN_OBJC_LITERAL_CONVERSION = YES;
				CLANG_WARN_OBJC_ROOT_CLASS = YES_ERROR;
				CLANG_WARN_RANGE_LOOP_ANALYSIS = YES;
				CLANG_WARN_STRICT_PROTOTYPES = YES;
				CLANG_WARN_SUSPICIOUS_MOVE = YES;
				CLANG_WARN_UNGUARDED_AVAILABILITY = YES_AGGRESSIVE;
				CLANG_WARN_UNREACHABLE_CODE = YES;
				CLANG_WARN__DUPLICATE_METHOD_MATCH = YES;
				CODE_SIGN_IDENTITY = "iPhone Developer";
				COPY_PHASE_STRIP = NO;
				DEBUG_INFORMATION_FORMAT = dwarf;
				ENABLE_STRICT_OBJC_MSGSEND = YES;
				ENABLE_TESTABILITY = YES;
				GCC_C_LANGUAGE_STANDARD = gnu11;
				GCC_DYNAMIC_NO_PIC = NO;
				GCC_NO_COMMON_BLOCKS = YES;
				GCC_OPTIMIZATION_LEVEL = 0;
				GCC_PREPROCESSOR_DEFINITIONS = (
					"DEBUG=1",
					"$(inherited)",
				);
				GCC_WARN_64_TO_32_BIT_CONVERSION = YES;
				GCC_WARN_ABOUT_RETURN_TYPE = YES_ERROR;
				GCC_WARN_UNDECLARED_SELECTOR = YES;
				GCC_WARN_UNINITIALIZED_AUTOS = YES_AGGRESSIVE;
				GCC_WARN_UNUSED_FUNCTION = YES;
				GCC_WARN_UNUSED_VARIABLE = YES;
				IPHONEOS_DEPLOYMENT_TARGET = 12.1;
				MTL_ENABLE_DEBUG_INFO = INCLUDE_SOURCE;
				MTL_FAST_MATH = YES;
				ONLY_ACTIVE_ARCH = YES;
				SDKROOT = iphoneos;
				SWIFT_ACTIVE_COMPILATION_CONDITIONS = DEBUG;
				SWIFT_OPTIMIZATION_LEVEL = "-Onone";
			};
			name = Debug;
		};
		D5552FB2218E2DB10074D6EF /* Release */ = {
			isa = XCBuildConfiguration;
			buildSettings = {
				ALWAYS_SEARCH_USER_PATHS = NO;
				CLANG_ANALYZER_NONNULL = YES;
				CLANG_ANALYZER_NUMBER_OBJECT_CONVERSION = YES_AGGRESSIVE;
				CLANG_CXX_LANGUAGE_STANDARD = "gnu++14";
				CLANG_CXX_LIBRARY = "libc++";
				CLANG_ENABLE_MODULES = YES;
				CLANG_ENABLE_OBJC_ARC = YES;
				CLANG_ENABLE_OBJC_WEAK = YES;
				CLANG_WARN_BLOCK_CAPTURE_AUTORELEASING = YES;
				CLANG_WARN_BOOL_CONVERSION = YES;
				CLANG_WARN_COMMA = YES;
				CLANG_WARN_CONSTANT_CONVERSION = YES;
				CLANG_WARN_DEPRECATED_OBJC_IMPLEMENTATIONS = YES;
				CLANG_WARN_DIRECT_OBJC_ISA_USAGE = YES_ERROR;
				CLANG_WARN_DOCUMENTATION_COMMENTS = YES;
				CLANG_WARN_EMPTY_BODY = YES;
				CLANG_WARN_ENUM_CONVERSION = YES;
				CLANG_WARN_INFINITE_RECURSION = YES;
				CLANG_WARN_INT_CONVERSION = YES;
				CLANG_WARN_NON_LITERAL_NULL_CONVERSION = YES;
				CLANG_WARN_OBJC_IMPLICIT_RETAIN_SELF = YES;
				CLANG_WARN_OBJC_LITERAL_CONVERSION = YES;
				CLANG_WARN_OBJC_ROOT_CLASS = YES_ERROR;
				CLANG_WARN_RANGE_LOOP_ANALYSIS = YES;
				CLANG_WARN_STRICT_PROTOTYPES = YES;
				CLANG_WARN_SUSPICIOUS_MOVE = YES;
				CLANG_WARN_UNGUARDED_AVAILABILITY = YES_AGGRESSIVE;
				CLANG_WARN_UNREACHABLE_CODE = YES;
				CLANG_WARN__DUPLICATE_METHOD_MATCH = YES;
				CODE_SIGN_IDENTITY = "iPhone Developer";
				COPY_PHASE_STRIP = NO;
				DEBUG_INFORMATION_FORMAT = "dwarf-with-dsym";
				ENABLE_NS_ASSERTIONS = NO;
				ENABLE_STRICT_OBJC_MSGSEND = YES;
				GCC_C_LANGUAGE_STANDARD = gnu11;
				GCC_NO_COMMON_BLOCKS = YES;
				GCC_WARN_64_TO_32_BIT_CONVERSION = YES;
				GCC_WARN_ABOUT_RETURN_TYPE = YES_ERROR;
				GCC_WARN_UNDECLARED_SELECTOR = YES;
				GCC_WARN_UNINITIALIZED_AUTOS = YES_AGGRESSIVE;
				GCC_WARN_UNUSED_FUNCTION = YES;
				GCC_WARN_UNUSED_VARIABLE = YES;
				IPHONEOS_DEPLOYMENT_TARGET = 12.1;
				MTL_ENABLE_DEBUG_INFO = NO;
				MTL_FAST_MATH = YES;
				SDKROOT = iphoneos;
				SWIFT_COMPILATION_MODE = wholemodule;
				SWIFT_OPTIMIZATION_LEVEL = "-O";
				VALIDATE_PRODUCT = YES;
			};
			name = Release;
		};
		D5552FB4218E2DB10074D6EF /* Debug */ = {
			isa = XCBuildConfiguration;
			buildSettings = {
				ASSETCATALOG_COMPILER_APPICON_NAME = AppIcon;
				CODE_SIGN_STYLE = Automatic;
				DEVELOPMENT_TEAM = DKM97FS289;
				INFOPLIST_FILE = CalWalk/Info.plist;
				LD_RUNPATH_SEARCH_PATHS = (
					"$(inherited)",
					"@executable_path/Frameworks",
				);
				PRODUCT_BUNDLE_IDENTIFIER = KASE.CalWalk;
				PRODUCT_NAME = "$(TARGET_NAME)";
				SWIFT_VERSION = 4.2;
				TARGETED_DEVICE_FAMILY = "1,2";
			};
			name = Debug;
		};
		D5552FB5218E2DB10074D6EF /* Release */ = {
			isa = XCBuildConfiguration;
			buildSettings = {
				ASSETCATALOG_COMPILER_APPICON_NAME = AppIcon;
				CODE_SIGN_STYLE = Automatic;
				DEVELOPMENT_TEAM = DKM97FS289;
				INFOPLIST_FILE = CalWalk/Info.plist;
				LD_RUNPATH_SEARCH_PATHS = (
					"$(inherited)",
					"@executable_path/Frameworks",
				);
				PRODUCT_BUNDLE_IDENTIFIER = KASE.CalWalk;
				PRODUCT_NAME = "$(TARGET_NAME)";
				SWIFT_VERSION = 4.2;
				TARGETED_DEVICE_FAMILY = "1,2";
			};
			name = Release;
		};
		D5552FB7218E2DB10074D6EF /* Debug */ = {
			isa = XCBuildConfiguration;
			buildSettings = {
				ALWAYS_EMBED_SWIFT_STANDARD_LIBRARIES = YES;
				BUNDLE_LOADER = "$(TEST_HOST)";
				CODE_SIGN_STYLE = Automatic;
				DEVELOPMENT_TEAM = DKM97FS289;
				INFOPLIST_FILE = CalWalkTests/Info.plist;
				LD_RUNPATH_SEARCH_PATHS = (
					"$(inherited)",
					"@executable_path/Frameworks",
					"@loader_path/Frameworks",
				);
				PRODUCT_BUNDLE_IDENTIFIER = KASE.CalWalkTests;
				PRODUCT_NAME = "$(TARGET_NAME)";
				SWIFT_VERSION = 4.2;
				TARGETED_DEVICE_FAMILY = "1,2";
				TEST_HOST = "$(BUILT_PRODUCTS_DIR)/CalWalk.app/CalWalk";
			};
			name = Debug;
		};
		D5552FB8218E2DB10074D6EF /* Release */ = {
			isa = XCBuildConfiguration;
			buildSettings = {
				ALWAYS_EMBED_SWIFT_STANDARD_LIBRARIES = YES;
				BUNDLE_LOADER = "$(TEST_HOST)";
				CODE_SIGN_STYLE = Automatic;
				DEVELOPMENT_TEAM = DKM97FS289;
				INFOPLIST_FILE = CalWalkTests/Info.plist;
				LD_RUNPATH_SEARCH_PATHS = (
					"$(inherited)",
					"@executable_path/Frameworks",
					"@loader_path/Frameworks",
				);
				PRODUCT_BUNDLE_IDENTIFIER = KASE.CalWalkTests;
				PRODUCT_NAME = "$(TARGET_NAME)";
				SWIFT_VERSION = 4.2;
				TARGETED_DEVICE_FAMILY = "1,2";
				TEST_HOST = "$(BUILT_PRODUCTS_DIR)/CalWalk.app/CalWalk";
			};
			name = Release;
		};
		D5552FBA218E2DB10074D6EF /* Debug */ = {
			isa = XCBuildConfiguration;
			buildSettings = {
				ALWAYS_EMBED_SWIFT_STANDARD_LIBRARIES = YES;
				CODE_SIGN_STYLE = Automatic;
				DEVELOPMENT_TEAM = DKM97FS289;
				INFOPLIST_FILE = CalWalkUITests/Info.plist;
				LD_RUNPATH_SEARCH_PATHS = (
					"$(inherited)",
					"@executable_path/Frameworks",
					"@loader_path/Frameworks",
				);
				PRODUCT_BUNDLE_IDENTIFIER = KASE.CalWalkUITests;
				PRODUCT_NAME = "$(TARGET_NAME)";
				SWIFT_VERSION = 4.2;
				TARGETED_DEVICE_FAMILY = "1,2";
				TEST_TARGET_NAME = CalWalk;
			};
			name = Debug;
		};
		D5552FBB218E2DB10074D6EF /* Release */ = {
			isa = XCBuildConfiguration;
			buildSettings = {
				ALWAYS_EMBED_SWIFT_STANDARD_LIBRARIES = YES;
				CODE_SIGN_STYLE = Automatic;
				DEVELOPMENT_TEAM = DKM97FS289;
				INFOPLIST_FILE = CalWalkUITests/Info.plist;
				LD_RUNPATH_SEARCH_PATHS = (
					"$(inherited)",
					"@executable_path/Frameworks",
					"@loader_path/Frameworks",
				);
				PRODUCT_BUNDLE_IDENTIFIER = KASE.CalWalkUITests;
				PRODUCT_NAME = "$(TARGET_NAME)";
				SWIFT_VERSION = 4.2;
				TARGETED_DEVICE_FAMILY = "1,2";
				TEST_TARGET_NAME = CalWalk;
			};
			name = Release;
		};
/* End XCBuildConfiguration section */

/* Begin XCConfigurationList section */
		D5552F84218E2DB00074D6EF /* Build configuration list for PBXProject "CalWalk" */ = {
			isa = XCConfigurationList;
			buildConfigurations = (
				D5552FB1218E2DB10074D6EF /* Debug */,
				D5552FB2218E2DB10074D6EF /* Release */,
			);
			defaultConfigurationIsVisible = 0;
			defaultConfigurationName = Release;
		};
		D5552FB3218E2DB10074D6EF /* Build configuration list for PBXNativeTarget "CalWalk" */ = {
			isa = XCConfigurationList;
			buildConfigurations = (
				D5552FB4218E2DB10074D6EF /* Debug */,
				D5552FB5218E2DB10074D6EF /* Release */,
			);
			defaultConfigurationIsVisible = 0;
			defaultConfigurationName = Release;
		};
		D5552FB6218E2DB10074D6EF /* Build configuration list for PBXNativeTarget "CalWalkTests" */ = {
			isa = XCConfigurationList;
			buildConfigurations = (
				D5552FB7218E2DB10074D6EF /* Debug */,
				D5552FB8218E2DB10074D6EF /* Release */,
			);
			defaultConfigurationIsVisible = 0;
			defaultConfigurationName = Release;
		};
		D5552FB9218E2DB10074D6EF /* Build configuration list for PBXNativeTarget "CalWalkUITests" */ = {
			isa = XCConfigurationList;
			buildConfigurations = (
				D5552FBA218E2DB10074D6EF /* Debug */,
				D5552FBB218E2DB10074D6EF /* Release */,
			);
			defaultConfigurationIsVisible = 0;
			defaultConfigurationName = Release;
		};
/* End XCConfigurationList section */
	};
	rootObject = D5552F81218E2DB00074D6EF /* Project object */;
}
